{
	"name": "logistics-crm",
	"version": "0.0.1",
	"lockfileVersion": 3,
	"requires": true,
	"packages": {
		"": {
			"name": "logistics-crm",
			"version": "0.0.1",
			"license": "ISC",
			"workspaces": [
				"packages/app",
				"packages/server"
			]
		},
		"node_modules/ligistics-crm-app": {
			"resolved": "packages/app",
			"link": true
		},
		"node_modules/logistics-crm-server": {
			"resolved": "packages/server",
			"link": true
		},
		"packages/app": {
			"name": "ligistics-crm-app",
			"version": "0.0.1",
			"license": "ISC"
		},
		"packages/server": {
			"version": "0.0.1",
			"license": "ISC",
			"devDependencies": {}
		}
	}
}
